
Microsoft Visual Studio Solution File, Format Version 12.00
# Visual Studio 14
VisualStudioVersion = 14.0.25420.1
MinimumVisualStudioVersion = 10.0.40219.1
Project("{FAE04EC0-301F-11D3-BF4B-00C04F79EFBC}") = "Team.Rule.Web【站点】", "Team.Rule.Web\Team.Rule.Web【站点】.csproj", "{C9EA67D3-21DE-4D28-8298-D618A2433EAC}"
EndProject
Project("{FAE04EC0-301F-11D3-BF4B-00C04F79EFBC}") = "Team.Rule.Web.Tests", "Team.Rule.Web.Tests\Team.Rule.Web.Tests.csproj", "{BD13DF0B-C6CA-4DAA-8C78-42ABDF9BDC35}"
EndProject
Project("{FAE04EC0-301F-11D3-BF4B-00C04F79EFBC}") = "Team.Rule.Business【业务层】", "Team.Rule.Business\Team.Rule.Business【业务层】.csproj", "{36ED5CA3-0C74-42F8-AD48-7815286A0315}"
EndProject
Project("{FAE04EC0-301F-11D3-BF4B-00C04F79EFBC}") = "Team.Rule.Entity【领域模型】", "Team.Rule.Entity\Team.Rule.Entity【领域模型】.csproj", "{655BEB02-6C5B-4CE6-A2AD-18B7DD5092F2}"
EndProject
Project("{FAE04EC0-301F-11D3-BF4B-00C04F79EFBC}") = "Team.Rule.Common【公共层】", "Team.Rule.Common\Team.Rule.Common【公共层】.csproj", "{0FDDAB22-42C5-4C90-893E-7DA66B205854}"
EndProject
Project("{FAE04EC0-301F-11D3-BF4B-00C04F79EFBC}") = "Team.Rule.Dto【传输模型】", "Team.Rule.Dto\Team.Rule.Dto【传输模型】.csproj", "{BD024017-FA7C-4D5F-9CA6-DD123AA742E5}"
EndProject
Project("{FAE04EC0-301F-11D3-BF4B-00C04F79EFBC}") = "Team.Rule.ConsoleApplication.Tests", "Team.Rule.ConsoleApplication.Tests\Team.Rule.ConsoleApplication.Tests.csproj", "{BA2A038D-5ACB-4DB3-8C36-540915ACADB5}"
EndProject
Project("{FAE04EC0-301F-11D3-BF4B-00C04F79EFBC}") = "Team.Rule.WinForm.Tests", "Team.Rule.WinForm.Tests\Team.Rule.WinForm.Tests.csproj", "{ADC7C4E3-BE11-4269-B5B4-B29D68D11810}"
EndProject
Project("{FAE04EC0-301F-11D3-BF4B-00C04F79EFBC}") = "Team.Rule.WebApi[Api站点]", "Team.Rule.WebApi\Team.Rule.WebApi[Api站点].csproj", "{E4FC1690-7F8B-41CD-840A-D18EAAD8F04F}"
EndProject
Project("{FAE04EC0-301F-11D3-BF4B-00C04F79EFBC}") = "Team.Rule.WebApi.Tests", "Team.Rule.WebApi.Tests\Team.Rule.WebApi.Tests.csproj", "{4E2E530F-6756-4321-9AF5-BA12149C7294}"
EndProject
Project("{2150E333-8FDC-42A3-9474-1A3956D46DE8}") = "Test", "Test", "{00EB3704-6554-48B2-9226-256B8D898CF8}"
EndProject
Project("{FAE04EC0-301F-11D3-BF4B-00C04F79EFBC}") = "Team.Rule.Api【Api站点】", "Team.Rule.Api\Team.Rule.Api【Api站点】.csproj", "{10B6A3EF-8EEC-4830-A48B-E2B5D7228E9E}"
EndProject
Project("{FAE04EC0-301F-11D3-BF4B-00C04F79EFBC}") = "Team.Rule.Business.Tests", "Team.Rule.Business.Tests\Team.Rule.Business.Tests.csproj", "{A32D03A6-675D-4D11-8F02-274C96E8AED3}"
EndProject
Global
	GlobalSection(SolutionConfigurationPlatforms) = preSolution
		Debug|Any CPU = Debug|Any CPU
		Release|Any CPU = Release|Any CPU
	EndGlobalSection
	GlobalSection(ProjectConfigurationPlatforms) = postSolution
		{C9EA67D3-21DE-4D28-8298-D618A2433EAC}.Debug|Any CPU.ActiveCfg = Debug|Any CPU
		{C9EA67D3-21DE-4D28-8298-D618A2433EAC}.Debug|Any CPU.Build.0 = Debug|Any CPU
		{C9EA67D3-21DE-4D28-8298-D618A2433EAC}.Release|Any CPU.ActiveCfg = Release|Any CPU
		{C9EA67D3-21DE-4D28-8298-D618A2433EAC}.Release|Any CPU.Build.0 = Release|Any CPU
		{BD13DF0B-C6CA-4DAA-8C78-42ABDF9BDC35}.Debug|Any CPU.ActiveCfg = Debug|Any CPU
		{BD13DF0B-C6CA-4DAA-8C78-42ABDF9BDC35}.Debug|Any CPU.Build.0 = Debug|Any CPU
		{BD13DF0B-C6CA-4DAA-8C78-42ABDF9BDC35}.Release|Any CPU.ActiveCfg = Release|Any CPU
		{BD13DF0B-C6CA-4DAA-8C78-42ABDF9BDC35}.Release|Any CPU.Build.0 = Release|Any CPU
		{36ED5CA3-0C74-42F8-AD48-7815286A0315}.Debug|Any CPU.ActiveCfg = Debug|Any CPU
		{36ED5CA3-0C74-42F8-AD48-7815286A0315}.Debug|Any CPU.Build.0 = Debug|Any CPU
		{36ED5CA3-0C74-42F8-AD48-7815286A0315}.Release|Any CPU.ActiveCfg = Release|Any CPU
		{36ED5CA3-0C74-42F8-AD48-7815286A0315}.Release|Any CPU.Build.0 = Release|Any CPU
		{655BEB02-6C5B-4CE6-A2AD-18B7DD5092F2}.Debug|Any CPU.ActiveCfg = Debug|Any CPU
		{655BEB02-6C5B-4CE6-A2AD-18B7DD5092F2}.Debug|Any CPU.Build.0 = Debug|Any CPU
		{655BEB02-6C5B-4CE6-A2AD-18B7DD5092F2}.Release|Any CPU.ActiveCfg = Release|Any CPU
		{655BEB02-6C5B-4CE6-A2AD-18B7DD5092F2}.Release|Any CPU.Build.0 = Release|Any CPU
		{0FDDAB22-42C5-4C90-893E-7DA66B205854}.Debug|Any CPU.ActiveCfg = Debug|Any CPU
		{0FDDAB22-42C5-4C90-893E-7DA66B205854}.Debug|Any CPU.Build.0 = Debug|Any CPU
		{0FDDAB22-42C5-4C90-893E-7DA66B205854}.Release|Any CPU.ActiveCfg = Release|Any CPU
		{0FDDAB22-42C5-4C90-893E-7DA66B205854}.Release|Any CPU.Build.0 = Release|Any CPU
		{BD024017-FA7C-4D5F-9CA6-DD123AA742E5}.Debug|Any CPU.ActiveCfg = Debug|Any CPU
		{BD024017-FA7C-4D5F-9CA6-DD123AA742E5}.Debug|Any CPU.Build.0 = Debug|Any CPU
		{BD024017-FA7C-4D5F-9CA6-DD123AA742E5}.Release|Any CPU.ActiveCfg = Release|Any CPU
		{BD024017-FA7C-4D5F-9CA6-DD123AA742E5}.Release|Any CPU.Build.0 = Release|Any CPU
		{BA2A038D-5ACB-4DB3-8C36-540915ACADB5}.Debug|Any CPU.ActiveCfg = Debug|Any CPU
		{BA2A038D-5ACB-4DB3-8C36-540915ACADB5}.Debug|Any CPU.Build.0 = Debug|Any CPU
		{BA2A038D-5ACB-4DB3-8C36-540915ACADB5}.Release|Any CPU.ActiveCfg = Release|Any CPU
		{BA2A038D-5ACB-4DB3-8C36-540915ACADB5}.Release|Any CPU.Build.0 = Release|Any CPU
		{ADC7C4E3-BE11-4269-B5B4-B29D68D11810}.Debug|Any CPU.ActiveCfg = Debug|Any CPU
		{ADC7C4E3-BE11-4269-B5B4-B29D68D11810}.Debug|Any CPU.Build.0 = Debug|Any CPU
		{ADC7C4E3-BE11-4269-B5B4-B29D68D11810}.Release|Any CPU.ActiveCfg = Release|Any CPU
		{ADC7C4E3-BE11-4269-B5B4-B29D68D11810}.Release|Any CPU.Build.0 = Release|Any CPU
		{E4FC1690-7F8B-41CD-840A-D18EAAD8F04F}.Debug|Any CPU.ActiveCfg = Debug|Any CPU
		{E4FC1690-7F8B-41CD-840A-D18EAAD8F04F}.Debug|Any CPU.Build.0 = Debug|Any CPU
		{E4FC1690-7F8B-41CD-840A-D18EAAD8F04F}.Release|Any CPU.ActiveCfg = Release|Any CPU
		{E4FC1690-7F8B-41CD-840A-D18EAAD8F04F}.Release|Any CPU.Build.0 = Release|Any CPU
		{4E2E530F-6756-4321-9AF5-BA12149C7294}.Debug|Any CPU.ActiveCfg = Debug|Any CPU
		{4E2E530F-6756-4321-9AF5-BA12149C7294}.Debug|Any CPU.Build.0 = Debug|Any CPU
		{4E2E530F-6756-4321-9AF5-BA12149C7294}.Release|Any CPU.ActiveCfg = Release|Any CPU
		{4E2E530F-6756-4321-9AF5-BA12149C7294}.Release|Any CPU.Build.0 = Release|Any CPU
		{10B6A3EF-8EEC-4830-A48B-E2B5D7228E9E}.Debug|Any CPU.ActiveCfg = Debug|Any CPU
		{10B6A3EF-8EEC-4830-A48B-E2B5D7228E9E}.Debug|Any CPU.Build.0 = Debug|Any CPU
		{10B6A3EF-8EEC-4830-A48B-E2B5D7228E9E}.Release|Any CPU.ActiveCfg = Release|Any CPU
		{10B6A3EF-8EEC-4830-A48B-E2B5D7228E9E}.Release|Any CPU.Build.0 = Release|Any CPU
		{A32D03A6-675D-4D11-8F02-274C96E8AED3}.Debug|Any CPU.ActiveCfg = Debug|Any CPU
		{A32D03A6-675D-4D11-8F02-274C96E8AED3}.Debug|Any CPU.Build.0 = Debug|Any CPU
		{A32D03A6-675D-4D11-8F02-274C96E8AED3}.Release|Any CPU.ActiveCfg = Release|Any CPU
		{A32D03A6-675D-4D11-8F02-274C96E8AED3}.Release|Any CPU.Build.0 = Release|Any CPU
	EndGlobalSection
	GlobalSection(SolutionProperties) = preSolution
		HideSolutionNode = FALSE
	EndGlobalSection
	GlobalSection(NestedProjects) = preSolution
		{BD13DF0B-C6CA-4DAA-8C78-42ABDF9BDC35} = {00EB3704-6554-48B2-9226-256B8D898CF8}
		{BA2A038D-5ACB-4DB3-8C36-540915ACADB5} = {00EB3704-6554-48B2-9226-256B8D898CF8}
		{ADC7C4E3-BE11-4269-B5B4-B29D68D11810} = {00EB3704-6554-48B2-9226-256B8D898CF8}
		{4E2E530F-6756-4321-9AF5-BA12149C7294} = {00EB3704-6554-48B2-9226-256B8D898CF8}
		{A32D03A6-675D-4D11-8F02-274C96E8AED3} = {00EB3704-6554-48B2-9226-256B8D898CF8}
	EndGlobalSection
EndGlobal
